{
  "name": "@collection-protocol/conformance",
  "version": "0.0.0-development",
  "lockfileVersion": 3,
  "requires": true,
  "packages": {
    "": {
      "name": "@collection-protocol/conformance",
      "version": "0.0.0-development",
      "license": "Apache-2.0",
      "dependencies": {
        "@collection-protocol/node": "file:../node"
      },
      "bin": {
        "colp-conformance": "bin/colp-conformance.mjs"
      },
      "engines": {
        "node": ">=22"
      }
    },
    "../node": {
      "name": "@collection-protocol/node",
      "version": "0.0.0-development",
      "license": "Apache-2.0",
      "dependencies": {
        "@modelcontextprotocol/core": "2.3.1",
        "@noble/hashes": "2.0.1",
        "ajv": "^8.20.0",
        "ajv-formats": "^3.0.1",
        "canonicalize": "^3.0.0",
        "entities": "6.0.1",
        "http-link-header": "^1.1.4",
        "lossless-json": "^4.3.0",
        "url-template": "^3.1.1"
      },
      "devDependencies": {
        "@arethetypeswrong/cli": "^0.18.5",
        "@modelcontextprotocol/client": "2.3.1",
        "@modelcontextprotocol/server": "2.3.1",
        "@stryker-mutator/core": "^9.6.1",
        "@stryker-mutator/vitest-runner": "^9.6.1",
        "@types/http-link-header": "^1.0.7",
        "@types/node": "^22.13.4",
        "@vitest/coverage-v8": "^4.1.11",
        "fast-check": "^4.9.0",
        "json-schema-to-typescript": "^15.0.4",
        "publint": "^0.3.21",
        "tsup": "^8.5.1",
        "typescript": "^5.9.3",
        "vitest": "^4.1.11",
        "yaml": "^2.9.0"
      },
      "engines": {
        "node": ">=22"
      }
    },
    "node_modules/@collection-protocol/node": {
      "resolved": "../node",
      "link": true
    }
  }
}
